
Microsoft Visual Studio Solution File, Format Version 12.00
# Visual Studio Version 17
VisualStudioVersion = 17.14.36518.9 d17.14
MinimumVisualStudioVersion = 10.0.40219.1
Project("{FAE04EC0-301F-11D3-BF4B-00C04F79EFBC}") = "WeatherApi", "WeatherApi.csproj", "{55C36E0F-BA5D-4248-B762-7F41ABF11D59}"
EndProject
Global
	GlobalSection(SolutionConfigurationPlatforms) = preSolution
		Debug|Any CPU = Debug|Any CPU
		Release|Any CPU = Release|Any CPU
	EndGlobalSection
	GlobalSection(ProjectConfigurationPlatforms) = postSolution
		{55C36E0F-BA5D-4248-B762-7F41ABF11D59}.Debug|Any CPU.ActiveCfg = Debug|Any CPU
		{55C36E0F-BA5D-4248-B762-7F41ABF11D59}.Debug|Any CPU.Build.0 = Debug|Any CPU
		{55C36E0F-BA5D-4248-B762-7F41ABF11D59}.Release|Any CPU.ActiveCfg = Release|Any CPU
		{55C36E0F-BA5D-4248-B762-7F41ABF11D59}.Release|Any CPU.Build.0 = Release|Any CPU
	EndGlobalSection
	GlobalSection(SolutionProperties) = preSolution
		HideSolutionNode = FALSE
	EndGlobalSection
	GlobalSection(ExtensibilityGlobals) = postSolution
		SolutionGuid = {05406990-7BDA-48D2-8A44-5B8E9FDC70DC}
	EndGlobalSection
EndGlobal
